
Microsoft Visual Studio Solution File, Format Version 11.00
# Visual Studio 2010
Project("{FAE04EC0-301F-11D3-BF4B-00C04F79EFBC}") = "PhoneApp", "PhoneApp\PhoneApp.csproj", "{400891A7-18B5-48B4-96A7-E768A0BB9904}"
EndProject
Project("{FAE04EC0-301F-11D3-BF4B-00C04F79EFBC}") = "PhoneApp.Test", "PhoneApp.Test\PhoneApp.Test.csproj", "{494A49C0-BBCD-4E76-B422-272B7BF3D9AD}"
EndProject
Global
	GlobalSection(SolutionConfigurationPlatforms) = preSolution
		Debug|Any CPU = Debug|Any CPU
		Release|Any CPU = Release|Any CPU
	EndGlobalSection
	GlobalSection(ProjectConfigurationPlatforms) = postSolution
		{400891A7-18B5-48B4-96A7-E768A0BB9904}.Debug|Any CPU.ActiveCfg = Debug|Any CPU
		{400891A7-18B5-48B4-96A7-E768A0BB9904}.Debug|Any CPU.Build.0 = Debug|Any CPU
		{400891A7-18B5-48B4-96A7-E768A0BB9904}.Debug|Any CPU.Deploy.0 = Debug|Any CPU
		{400891A7-18B5-48B4-96A7-E768A0BB9904}.Release|Any CPU.ActiveCfg = Release|Any CPU
		{400891A7-18B5-48B4-96A7-E768A0BB9904}.Release|Any CPU.Build.0 = Release|Any CPU
		{400891A7-18B5-48B4-96A7-E768A0BB9904}.Release|Any CPU.Deploy.0 = Release|Any CPU
		{494A49C0-BBCD-4E76-B422-272B7BF3D9AD}.Debug|Any CPU.ActiveCfg = Debug|Any CPU
		{494A49C0-BBCD-4E76-B422-272B7BF3D9AD}.Debug|Any CPU.Build.0 = Debug|Any CPU
		{494A49C0-BBCD-4E76-B422-272B7BF3D9AD}.Debug|Any CPU.Deploy.0 = Debug|Any CPU
		{494A49C0-BBCD-4E76-B422-272B7BF3D9AD}.Release|Any CPU.ActiveCfg = Release|Any CPU
		{494A49C0-BBCD-4E76-B422-272B7BF3D9AD}.Release|Any CPU.Build.0 = Release|Any CPU
		{494A49C0-BBCD-4E76-B422-272B7BF3D9AD}.Release|Any CPU.Deploy.0 = Release|Any CPU
	EndGlobalSection
	GlobalSection(SolutionProperties) = preSolution
		HideSolutionNode = FALSE
	EndGlobalSection
EndGlobal
